
Microsoft Visual Studio Solution File, Format Version 12.00
# Visual Studio Version 16
VisualStudioVersion = 16.0.29326.143
MinimumVisualStudioVersion = 10.0.40219.1
Project("{8BC9CEB8-8B4A-11D0-8D11-00A0C91BC942}") = "05_01_arrayqueue", "05_01_arrayqueue\05_01_arrayqueue.vcxproj", "{C7F0B617-0880-4FD1-8FE8-2ABD700CA074}"
EndProject
Project("{8BC9CEB8-8B4A-11D0-8D11-00A0C91BC942}") = "05_02_Circular_Array_Queue", "05_02_Circular_Array_Queue\05_02_Circular_Array_Queue.vcxproj", "{166246AA-9B42-4628-96D1-6C34B6640ABC}"
EndProject
Project("{8BC9CEB8-8B4A-11D0-8D11-00A0C91BC942}") = "05_03_Linked_Queue", "05_03_Linked_Queue\05_03_Linked_Queue.vcxproj", "{EFBC70D7-2CA3-4E14-833F-F1665D184BAE}"
EndProject
Project("{8BC9CEB8-8B4A-11D0-8D11-00A0C91BC942}") = "05_04_Linked_Deque", "04_04_Deque\04_04_Deque.vcxproj", "{52E14113-6776-4127-B214-CFFA2FE37AAF}"
EndProject
Global
	GlobalSection(SolutionConfigurationPlatforms) = preSolution
		Debug|x64 = Debug|x64
		Debug|x86 = Debug|x86
		Release|x64 = Release|x64
		Release|x86 = Release|x86
	EndGlobalSection
	GlobalSection(ProjectConfigurationPlatforms) = postSolution
		{C7F0B617-0880-4FD1-8FE8-2ABD700CA074}.Debug|x64.ActiveCfg = Debug|x64
		{C7F0B617-0880-4FD1-8FE8-2ABD700CA074}.Debug|x64.Build.0 = Debug|x64
		{C7F0B617-0880-4FD1-8FE8-2ABD700CA074}.Debug|x86.ActiveCfg = Debug|Win32
		{C7F0B617-0880-4FD1-8FE8-2ABD700CA074}.Debug|x86.Build.0 = Debug|Win32
		{C7F0B617-0880-4FD1-8FE8-2ABD700CA074}.Release|x64.ActiveCfg = Release|x64
		{C7F0B617-0880-4FD1-8FE8-2ABD700CA074}.Release|x64.Build.0 = Release|x64
		{C7F0B617-0880-4FD1-8FE8-2ABD700CA074}.Release|x86.ActiveCfg = Release|Win32
		{C7F0B617-0880-4FD1-8FE8-2ABD700CA074}.Release|x86.Build.0 = Release|Win32
		{166246AA-9B42-4628-96D1-6C34B6640ABC}.Debug|x64.ActiveCfg = Debug|x64
		{166246AA-9B42-4628-96D1-6C34B6640ABC}.Debug|x64.Build.0 = Debug|x64
		{166246AA-9B42-4628-96D1-6C34B6640ABC}.Debug|x86.ActiveCfg = Debug|Win32
		{166246AA-9B42-4628-96D1-6C34B6640ABC}.Debug|x86.Build.0 = Debug|Win32
		{166246AA-9B42-4628-96D1-6C34B6640ABC}.Release|x64.ActiveCfg = Release|x64
		{166246AA-9B42-4628-96D1-6C34B6640ABC}.Release|x64.Build.0 = Release|x64
		{166246AA-9B42-4628-96D1-6C34B6640ABC}.Release|x86.ActiveCfg = Release|Win32
		{166246AA-9B42-4628-96D1-6C34B6640ABC}.Release|x86.Build.0 = Release|Win32
		{EFBC70D7-2CA3-4E14-833F-F1665D184BAE}.Debug|x64.ActiveCfg = Debug|x64
		{EFBC70D7-2CA3-4E14-833F-F1665D184BAE}.Debug|x64.Build.0 = Debug|x64
		{EFBC70D7-2CA3-4E14-833F-F1665D184BAE}.Debug|x86.ActiveCfg = Debug|Win32
		{EFBC70D7-2CA3-4E14-833F-F1665D184BAE}.Debug|x86.Build.0 = Debug|Win32
		{EFBC70D7-2CA3-4E14-833F-F1665D184BAE}.Release|x64.ActiveCfg = Release|x64
		{EFBC70D7-2CA3-4E14-833F-F1665D184BAE}.Release|x64.Build.0 = Release|x64
		{EFBC70D7-2CA3-4E14-833F-F1665D184BAE}.Release|x86.ActiveCfg = Release|Win32
		{EFBC70D7-2CA3-4E14-833F-F1665D184BAE}.Release|x86.Build.0 = Release|Win32
		{52E14113-6776-4127-B214-CFFA2FE37AAF}.Debug|x64.ActiveCfg = Debug|x64
		{52E14113-6776-4127-B214-CFFA2FE37AAF}.Debug|x64.Build.0 = Debug|x64
		{52E14113-6776-4127-B214-CFFA2FE37AAF}.Debug|x86.ActiveCfg = Debug|Win32
		{52E14113-6776-4127-B214-CFFA2FE37AAF}.Debug|x86.Build.0 = Debug|Win32
		{52E14113-6776-4127-B214-CFFA2FE37AAF}.Release|x64.ActiveCfg = Release|x64
		{52E14113-6776-4127-B214-CFFA2FE37AAF}.Release|x64.Build.0 = Release|x64
		{52E14113-6776-4127-B214-CFFA2FE37AAF}.Release|x86.ActiveCfg = Release|Win32
		{52E14113-6776-4127-B214-CFFA2FE37AAF}.Release|x86.Build.0 = Release|Win32
	EndGlobalSection
	GlobalSection(SolutionProperties) = preSolution
		HideSolutionNode = FALSE
	EndGlobalSection
	GlobalSection(ExtensibilityGlobals) = postSolution
		SolutionGuid = {2F35A4F2-2F7E-46DC-A27A-CF78E3BDDB41}
	EndGlobalSection
EndGlobal
